
Microsoft Visual Studio Solution File, Format Version 12.00
# Visual Studio Version 16
VisualStudioVersion = 16.0.29613.14
MinimumVisualStudioVersion = 10.0.40219.1
Project("{FAE04EC0-301F-11D3-BF4B-00C04F79EFBC}") = "HtmlAgilityPackExample1", "HtmlAgilityPackExample1\HtmlAgilityPackExample1.csproj", "{B579B100-6FD5-4FB1-96F0-DAEEC11A8712}"
EndProject
Global
	GlobalSection(SolutionConfigurationPlatforms) = preSolution
		Debug|Any CPU = Debug|Any CPU
		Release|Any CPU = Release|Any CPU
	EndGlobalSection
	GlobalSection(ProjectConfigurationPlatforms) = postSolution
		{B579B100-6FD5-4FB1-96F0-DAEEC11A8712}.Debug|Any CPU.ActiveCfg = Debug|Any CPU
		{B579B100-6FD5-4FB1-96F0-DAEEC11A8712}.Debug|Any CPU.Build.0 = Debug|Any CPU
		{B579B100-6FD5-4FB1-96F0-DAEEC11A8712}.Release|Any CPU.ActiveCfg = Release|Any CPU
		{B579B100-6FD5-4FB1-96F0-DAEEC11A8712}.Release|Any CPU.Build.0 = Release|Any CPU
	EndGlobalSection
	GlobalSection(SolutionProperties) = preSolution
		HideSolutionNode = FALSE
	EndGlobalSection
	GlobalSection(ExtensibilityGlobals) = postSolution
		SolutionGuid = {756BC69B-1BCD-4462-809D-3CFA74856355}
	EndGlobalSection
EndGlobal
